# This file is automatically @generated by Cargo.
# It is not intended for manual editing.
version = 4

[[package]]
name = "sharp-cli"
version = "0.1.0"

[[package]]
name = "sharp-core"
version = "0.1.0"

[[package]]
name = "sharp-fec"
version = "0.1.0"

[[package]]
name = "sharp-ice"
version = "0.1.0"

[[package]]
name = "sharp-tests"
version = "0.1.0"

[[package]]
name = "sharp-transport"
version = "0.1.0"
